
Microsoft Visual Studio Solution File, Format Version 12.00
# Visual Studio Version 17
VisualStudioVersion = 17.14.36310.24 d17.14
MinimumVisualStudioVersion = 10.0.40219.1
Project("{FAE04EC0-301F-11D3-BF4B-00C04F79EFBC}") = "token", "token\token.csproj", "{BA71D6D5-E347-4138-8C20-2090B5B5B8EF}"
EndProject
Global
	GlobalSection(SolutionConfigurationPlatforms) = preSolution
		Debug|Any CPU = Debug|Any CPU
		Release|Any CPU = Release|Any CPU
	EndGlobalSection
	GlobalSection(ProjectConfigurationPlatforms) = postSolution
		{BA71D6D5-E347-4138-8C20-2090B5B5B8EF}.Debug|Any CPU.ActiveCfg = Debug|Any CPU
		{BA71D6D5-E347-4138-8C20-2090B5B5B8EF}.Debug|Any CPU.Build.0 = Debug|Any CPU
		{BA71D6D5-E347-4138-8C20-2090B5B5B8EF}.Release|Any CPU.ActiveCfg = Release|Any CPU
		{BA71D6D5-E347-4138-8C20-2090B5B5B8EF}.Release|Any CPU.Build.0 = Release|Any CPU
	EndGlobalSection
	GlobalSection(SolutionProperties) = preSolution
		HideSolutionNode = FALSE
	EndGlobalSection
	GlobalSection(ExtensibilityGlobals) = postSolution
		SolutionGuid = {92478C16-49B5-4CEC-B559-CE61FCC7FC97}
	EndGlobalSection
EndGlobal
