
Microsoft Visual Studio Solution File, Format Version 12.00
# Visual Studio Version 17
VisualStudioVersion = 17.14.36221.1 d17.14
MinimumVisualStudioVersion = 10.0.40219.1
Project("{FAE04EC0-301F-11D3-BF4B-00C04F79EFBC}") = "CrazyMusicians", "CrazyMusicians\CrazyMusicians.csproj", "{8520CD27-E31B-4BB9-9FBD-AE26B89C0851}"
EndProject
Global
	GlobalSection(SolutionConfigurationPlatforms) = preSolution
		Debug|Any CPU = Debug|Any CPU
		Release|Any CPU = Release|Any CPU
	EndGlobalSection
	GlobalSection(ProjectConfigurationPlatforms) = postSolution
		{8520CD27-E31B-4BB9-9FBD-AE26B89C0851}.Debug|Any CPU.ActiveCfg = Debug|Any CPU
		{8520CD27-E31B-4BB9-9FBD-AE26B89C0851}.Debug|Any CPU.Build.0 = Debug|Any CPU
		{8520CD27-E31B-4BB9-9FBD-AE26B89C0851}.Release|Any CPU.ActiveCfg = Release|Any CPU
		{8520CD27-E31B-4BB9-9FBD-AE26B89C0851}.Release|Any CPU.Build.0 = Release|Any CPU
	EndGlobalSection
	GlobalSection(SolutionProperties) = preSolution
		HideSolutionNode = FALSE
	EndGlobalSection
	GlobalSection(ExtensibilityGlobals) = postSolution
		SolutionGuid = {01AF3AD9-F414-4B68-8566-C15393D2A09C}
	EndGlobalSection
EndGlobal
