
Microsoft Visual Studio Solution File, Format Version 12.00
# Visual Studio Version 17
VisualStudioVersion = 17.14.36408.4 d17.14
MinimumVisualStudioVersion = 10.0.40219.1
Project("{FAE04EC0-301F-11D3-BF4B-00C04F79EFBC}") = "BankApp.Data", "BankApp.Data\BankApp.Data.csproj", "{5E0BC366-6A05-4556-B0B5-A3E92B2AD167}"
EndProject
Global
	GlobalSection(SolutionConfigurationPlatforms) = preSolution
		Debug|Any CPU = Debug|Any CPU
		Release|Any CPU = Release|Any CPU
	EndGlobalSection
	GlobalSection(ProjectConfigurationPlatforms) = postSolution
		{5E0BC366-6A05-4556-B0B5-A3E92B2AD167}.Debug|Any CPU.ActiveCfg = Debug|Any CPU
		{5E0BC366-6A05-4556-B0B5-A3E92B2AD167}.Debug|Any CPU.Build.0 = Debug|Any CPU
		{5E0BC366-6A05-4556-B0B5-A3E92B2AD167}.Release|Any CPU.ActiveCfg = Release|Any CPU
		{5E0BC366-6A05-4556-B0B5-A3E92B2AD167}.Release|Any CPU.Build.0 = Release|Any CPU
	EndGlobalSection
	GlobalSection(SolutionProperties) = preSolution
		HideSolutionNode = FALSE
	EndGlobalSection
	GlobalSection(ExtensibilityGlobals) = postSolution
		SolutionGuid = {91C6BE44-C9D0-442C-B725-A8B25783F925}
	EndGlobalSection
EndGlobal
