
Microsoft Visual Studio Solution File, Format Version 12.00
# Visual Studio Version 17
VisualStudioVersion = 17.13.35931.197 d17.13
MinimumVisualStudioVersion = 10.0.40219.1
Project("{FAE04EC0-301F-11D3-BF4B-00C04F79EFBC}") = "ifswitcihlermanav", "ifswitcihlermanav\ifswitcihlermanav.csproj", "{F48EC1D3-E213-4395-947C-8F2606AEFF78}"
EndProject
Global
	GlobalSection(SolutionConfigurationPlatforms) = preSolution
		Debug|Any CPU = Debug|Any CPU
		Release|Any CPU = Release|Any CPU
	EndGlobalSection
	GlobalSection(ProjectConfigurationPlatforms) = postSolution
		{F48EC1D3-E213-4395-947C-8F2606AEFF78}.Debug|Any CPU.ActiveCfg = Debug|Any CPU
		{F48EC1D3-E213-4395-947C-8F2606AEFF78}.Debug|Any CPU.Build.0 = Debug|Any CPU
		{F48EC1D3-E213-4395-947C-8F2606AEFF78}.Release|Any CPU.ActiveCfg = Release|Any CPU
		{F48EC1D3-E213-4395-947C-8F2606AEFF78}.Release|Any CPU.Build.0 = Release|Any CPU
	EndGlobalSection
	GlobalSection(SolutionProperties) = preSolution
		HideSolutionNode = FALSE
	EndGlobalSection
	GlobalSection(ExtensibilityGlobals) = postSolution
		SolutionGuid = {51B32AEB-E9BA-4B1C-916F-E4C7A52813BB}
	EndGlobalSection
EndGlobal
