
Microsoft Visual Studio Solution File, Format Version 12.00
# Visual Studio Version 17
VisualStudioVersion = 17.14.36121.58 d17.14
MinimumVisualStudioVersion = 10.0.40219.1
Project("{FAE04EC0-301F-11D3-BF4B-00C04F79EFBC}") = "Patikaflix", "Patikaflix\Patikaflix.csproj", "{B437A0A6-B9FA-4C87-BD2E-5ACD88B3749A}"
EndProject
Global
	GlobalSection(SolutionConfigurationPlatforms) = preSolution
		Debug|Any CPU = Debug|Any CPU
		Release|Any CPU = Release|Any CPU
	EndGlobalSection
	GlobalSection(ProjectConfigurationPlatforms) = postSolution
		{B437A0A6-B9FA-4C87-BD2E-5ACD88B3749A}.Debug|Any CPU.ActiveCfg = Debug|Any CPU
		{B437A0A6-B9FA-4C87-BD2E-5ACD88B3749A}.Debug|Any CPU.Build.0 = Debug|Any CPU
		{B437A0A6-B9FA-4C87-BD2E-5ACD88B3749A}.Release|Any CPU.ActiveCfg = Release|Any CPU
		{B437A0A6-B9FA-4C87-BD2E-5ACD88B3749A}.Release|Any CPU.Build.0 = Release|Any CPU
	EndGlobalSection
	GlobalSection(SolutionProperties) = preSolution
		HideSolutionNode = FALSE
	EndGlobalSection
	GlobalSection(ExtensibilityGlobals) = postSolution
		SolutionGuid = {20D96F91-ADF0-4B98-8D15-453A4E8541A9}
	EndGlobalSection
EndGlobal
